{
  "name": "expressreacttutorial",
  "version": "1.0.0",
  "lockfileVersion": 1,
  "requires": true,
  "dependencies": {
    "map-reverse": {
      "version": "1.0.1",
      "resolved": "https://registry.npmjs.org/map-reverse/-/map-reverse-1.0.1.tgz",
      "integrity": "sha1-J06fUAphEVMYO1uNhJCpwcI+4xA="
    }
  }
}
